
Microsoft Visual Studio Solution File, Format Version 12.00
Project("{2150E333-8FDC-42A3-9474-1A3956D46DE8}") = "src", "src", "{1B7D9666-27DF-4FC6-820E-B3866A46B2CC}"
EndProject
Project("{2150E333-8FDC-42A3-9474-1A3956D46DE8}") = "common", "common", "{1CEB2DF5-5BFF-4A37-BF22-8EBA8907E453}"
EndProject
Project("{2150E333-8FDC-42A3-9474-1A3956D46DE8}") = "sqlite", "sqlite", "{46635D03-7EC9-444B-A3CF-073D58243F9E}"
EndProject
Project("{FAE04EC0-301F-11D3-BF4B-00C04F79EFBC}") = "SmartCarWashTest.Common.DataContext.Sqlite", "SmartCarWashTest.Common.DataContext.Sqlite\SmartCarWashTest.Common.DataContext.Sqlite.csproj", "{9CAA84BF-B702-40C4-A2BD-2AF893C41FFA}"
EndProject
Project("{FAE04EC0-301F-11D3-BF4B-00C04F79EFBC}") = "SmartCarWashTest.Common.EntityModels.Sqlite", "SmartCarWashTest.Common.EntityModels.Sqlite\SmartCarWashTest.Common.EntityModels.Sqlite.csproj", "{55DEB1FF-33D7-4188-B4E1-B5FF883E7982}"
EndProject
Project("{FAE04EC0-301F-11D3-BF4B-00C04F79EFBC}") = "SmartCarWashTest.Common.EntityTypeConfigurations.Sqlite", "SmartCarWashTest.Common.EntityTypeConfigurations.Sqlite\SmartCarWashTest.Common.EntityTypeConfigurations.Sqlite.csproj", "{06641EC6-61ED-4B4A-AD12-65A74E5E66FC}"
EndProject
Project("{2150E333-8FDC-42A3-9474-1A3956D46DE8}") = "web", "web", "{9EF46BCE-BA8E-44AA-8073-B114F28BEABB}"
EndProject
Project("{FAE04EC0-301F-11D3-BF4B-00C04F79EFBC}") = "SmartCarWashTest.WebApi.DTOs", "SmartCarWashTest.WebApi.DTOs\SmartCarWashTest.WebApi.DTOs.csproj", "{AE179335-A0CC-4657-9641-DE40020E4513}"
EndProject
Project("{2150E333-8FDC-42A3-9474-1A3956D46DE8}") = "webapi", "webapi", "{15DF4FE2-AB5B-4998-BA02-1952B2400175}"
EndProject
Project("{FAE04EC0-301F-11D3-BF4B-00C04F79EFBC}") = "SmartCarWashTest.WebApi.Repositories", "SmartCarWashTest.WebApi.Repositories\SmartCarWashTest.WebApi.Repositories.csproj", "{98F89B59-A703-4328-BF12-E12281E9EB9E}"
EndProject
Project("{FAE04EC0-301F-11D3-BF4B-00C04F79EFBC}") = "SmartCarWashTest.WebApi", "SmartCarWashTest.WebApi\SmartCarWashTest.WebApi.csproj", "{D862EBB1-0DCA-464C-B086-1A1D10DBD7E4}"
EndProject
Project("{2150E333-8FDC-42A3-9474-1A3956D46DE8}") = "tests", "tests", "{9F399F10-AC8A-4074-9495-168624391425}"
EndProject
Project("{FAE04EC0-301F-11D3-BF4B-00C04F79EFBC}") = "SmartCarWashTest.Tests", "SmartCarWashTest.Tests\SmartCarWashTest.Tests.csproj", "{E3707E7E-9CAE-4D65-9C31-585944DA8993}"
EndProject
Project("{2150E333-8FDC-42A3-9474-1A3956D46DE8}") = "logger", "logger", "{10376EAC-8A94-4363-9BFF-9932F540045E}"
EndProject
Project("{FAE04EC0-301F-11D3-BF4B-00C04F79EFBC}") = "SmartCarWashTest.Logger", "SmartCarWashTest.Logger\SmartCarWashTest.Logger.csproj", "{554B660C-1A0F-42ED-A498-D8CA1BAF7AAF}"
EndProject
Project("{FAE04EC0-301F-11D3-BF4B-00C04F79EFBC}") = "SmartCarWashTest.Common.SeparateMigrations", "SmartCarWashTest.Common.SeparateMigrations\SmartCarWashTest.Common.SeparateMigrations.csproj", "{E2D08AA1-1825-45E4-88EC-30F55E4EB106}"
EndProject
Project("{FAE04EC0-301F-11D3-BF4B-00C04F79EFBC}") = "SmartCarWashTest.Sele.WebApi", "SmartCarWashTest.Sele.WebApi\SmartCarWashTest.Sele.WebApi.csproj", "{BCDA251D-6682-482D-A54D-67D8F4CEE14E}"
EndProject
Project("{2150E333-8FDC-42A3-9474-1A3956D46DE8}") = "sale.webapi", "sale.webapi", "{6436BB72-D783-48C6-9E7D-84405C1132E3}"
EndProject
Project("{FAE04EC0-301F-11D3-BF4B-00C04F79EFBC}") = "SmartCarWashTest.Sale.DTOs", "SmartCarWashTest.Sale.DTOs\SmartCarWashTest.Sale.DTOs.csproj", "{91EA2E51-FEC0-4FC7-A7B5-86B693F1D582}"
EndProject
Project("{FAE04EC0-301F-11D3-BF4B-00C04F79EFBC}") = "SmartCarWashTest.Common.Converters", "SmartCarWashTest.Common.Converters\SmartCarWashTest.Common.Converters.csproj", "{57E9A9B1-E7CF-4158-91E9-14325A519FB7}"
EndProject
Project("{2150E333-8FDC-42A3-9474-1A3956D46DE8}") = "convertees", "convertees", "{AB9A6BA7-918D-45F2-B809-BD1045766E70}"
EndProject
Global
	GlobalSection(SolutionConfigurationPlatforms) = preSolution
		Debug|Any CPU = Debug|Any CPU
		Release|Any CPU = Release|Any CPU
	EndGlobalSection
	GlobalSection(NestedProjects) = preSolution
		{1CEB2DF5-5BFF-4A37-BF22-8EBA8907E453} = {1B7D9666-27DF-4FC6-820E-B3866A46B2CC}
		{46635D03-7EC9-444B-A3CF-073D58243F9E} = {1CEB2DF5-5BFF-4A37-BF22-8EBA8907E453}
		{9CAA84BF-B702-40C4-A2BD-2AF893C41FFA} = {46635D03-7EC9-444B-A3CF-073D58243F9E}
		{55DEB1FF-33D7-4188-B4E1-B5FF883E7982} = {46635D03-7EC9-444B-A3CF-073D58243F9E}
		{06641EC6-61ED-4B4A-AD12-65A74E5E66FC} = {46635D03-7EC9-444B-A3CF-073D58243F9E}
		{9EF46BCE-BA8E-44AA-8073-B114F28BEABB} = {1B7D9666-27DF-4FC6-820E-B3866A46B2CC}
		{15DF4FE2-AB5B-4998-BA02-1952B2400175} = {9EF46BCE-BA8E-44AA-8073-B114F28BEABB}
		{AE179335-A0CC-4657-9641-DE40020E4513} = {15DF4FE2-AB5B-4998-BA02-1952B2400175}
		{98F89B59-A703-4328-BF12-E12281E9EB9E} = {15DF4FE2-AB5B-4998-BA02-1952B2400175}
		{D862EBB1-0DCA-464C-B086-1A1D10DBD7E4} = {9EF46BCE-BA8E-44AA-8073-B114F28BEABB}
		{E3707E7E-9CAE-4D65-9C31-585944DA8993} = {9F399F10-AC8A-4074-9495-168624391425}
		{10376EAC-8A94-4363-9BFF-9932F540045E} = {1CEB2DF5-5BFF-4A37-BF22-8EBA8907E453}
		{554B660C-1A0F-42ED-A498-D8CA1BAF7AAF} = {10376EAC-8A94-4363-9BFF-9932F540045E}
		{E2D08AA1-1825-45E4-88EC-30F55E4EB106} = {46635D03-7EC9-444B-A3CF-073D58243F9E}
		{BCDA251D-6682-482D-A54D-67D8F4CEE14E} = {9EF46BCE-BA8E-44AA-8073-B114F28BEABB}
		{6436BB72-D783-48C6-9E7D-84405C1132E3} = {9EF46BCE-BA8E-44AA-8073-B114F28BEABB}
		{91EA2E51-FEC0-4FC7-A7B5-86B693F1D582} = {6436BB72-D783-48C6-9E7D-84405C1132E3}
		{AB9A6BA7-918D-45F2-B809-BD1045766E70} = {1CEB2DF5-5BFF-4A37-BF22-8EBA8907E453}
		{57E9A9B1-E7CF-4158-91E9-14325A519FB7} = {AB9A6BA7-918D-45F2-B809-BD1045766E70}
	EndGlobalSection
	GlobalSection(ProjectConfigurationPlatforms) = postSolution
		{9CAA84BF-B702-40C4-A2BD-2AF893C41FFA}.Debug|Any CPU.ActiveCfg = Debug|Any CPU
		{9CAA84BF-B702-40C4-A2BD-2AF893C41FFA}.Debug|Any CPU.Build.0 = Debug|Any CPU
		{9CAA84BF-B702-40C4-A2BD-2AF893C41FFA}.Release|Any CPU.ActiveCfg = Release|Any CPU
		{9CAA84BF-B702-40C4-A2BD-2AF893C41FFA}.Release|Any CPU.Build.0 = Release|Any CPU
		{55DEB1FF-33D7-4188-B4E1-B5FF883E7982}.Debug|Any CPU.ActiveCfg = Debug|Any CPU
		{55DEB1FF-33D7-4188-B4E1-B5FF883E7982}.Debug|Any CPU.Build.0 = Debug|Any CPU
		{55DEB1FF-33D7-4188-B4E1-B5FF883E7982}.Release|Any CPU.ActiveCfg = Release|Any CPU
		{55DEB1FF-33D7-4188-B4E1-B5FF883E7982}.Release|Any CPU.Build.0 = Release|Any CPU
		{06641EC6-61ED-4B4A-AD12-65A74E5E66FC}.Debug|Any CPU.ActiveCfg = Debug|Any CPU
		{06641EC6-61ED-4B4A-AD12-65A74E5E66FC}.Debug|Any CPU.Build.0 = Debug|Any CPU
		{06641EC6-61ED-4B4A-AD12-65A74E5E66FC}.Release|Any CPU.ActiveCfg = Release|Any CPU
		{06641EC6-61ED-4B4A-AD12-65A74E5E66FC}.Release|Any CPU.Build.0 = Release|Any CPU
		{AE179335-A0CC-4657-9641-DE40020E4513}.Debug|Any CPU.ActiveCfg = Debug|Any CPU
		{AE179335-A0CC-4657-9641-DE40020E4513}.Debug|Any CPU.Build.0 = Debug|Any CPU
		{AE179335-A0CC-4657-9641-DE40020E4513}.Release|Any CPU.ActiveCfg = Release|Any CPU
		{AE179335-A0CC-4657-9641-DE40020E4513}.Release|Any CPU.Build.0 = Release|Any CPU
		{98F89B59-A703-4328-BF12-E12281E9EB9E}.Debug|Any CPU.ActiveCfg = Debug|Any CPU
		{98F89B59-A703-4328-BF12-E12281E9EB9E}.Debug|Any CPU.Build.0 = Debug|Any CPU
		{98F89B59-A703-4328-BF12-E12281E9EB9E}.Release|Any CPU.ActiveCfg = Release|Any CPU
		{98F89B59-A703-4328-BF12-E12281E9EB9E}.Release|Any CPU.Build.0 = Release|Any CPU
		{D862EBB1-0DCA-464C-B086-1A1D10DBD7E4}.Debug|Any CPU.ActiveCfg = Debug|Any CPU
		{D862EBB1-0DCA-464C-B086-1A1D10DBD7E4}.Debug|Any CPU.Build.0 = Debug|Any CPU
		{D862EBB1-0DCA-464C-B086-1A1D10DBD7E4}.Release|Any CPU.ActiveCfg = Release|Any CPU
		{D862EBB1-0DCA-464C-B086-1A1D10DBD7E4}.Release|Any CPU.Build.0 = Release|Any CPU
		{E3707E7E-9CAE-4D65-9C31-585944DA8993}.Debug|Any CPU.ActiveCfg = Debug|Any CPU
		{E3707E7E-9CAE-4D65-9C31-585944DA8993}.Debug|Any CPU.Build.0 = Debug|Any CPU
		{E3707E7E-9CAE-4D65-9C31-585944DA8993}.Release|Any CPU.ActiveCfg = Release|Any CPU
		{E3707E7E-9CAE-4D65-9C31-585944DA8993}.Release|Any CPU.Build.0 = Release|Any CPU
		{554B660C-1A0F-42ED-A498-D8CA1BAF7AAF}.Debug|Any CPU.ActiveCfg = Debug|Any CPU
		{554B660C-1A0F-42ED-A498-D8CA1BAF7AAF}.Debug|Any CPU.Build.0 = Debug|Any CPU
		{554B660C-1A0F-42ED-A498-D8CA1BAF7AAF}.Release|Any CPU.ActiveCfg = Release|Any CPU
		{554B660C-1A0F-42ED-A498-D8CA1BAF7AAF}.Release|Any CPU.Build.0 = Release|Any CPU
		{E2D08AA1-1825-45E4-88EC-30F55E4EB106}.Debug|Any CPU.ActiveCfg = Debug|Any CPU
		{E2D08AA1-1825-45E4-88EC-30F55E4EB106}.Debug|Any CPU.Build.0 = Debug|Any CPU
		{E2D08AA1-1825-45E4-88EC-30F55E4EB106}.Release|Any CPU.ActiveCfg = Release|Any CPU
		{E2D08AA1-1825-45E4-88EC-30F55E4EB106}.Release|Any CPU.Build.0 = Release|Any CPU
		{BCDA251D-6682-482D-A54D-67D8F4CEE14E}.Debug|Any CPU.ActiveCfg = Debug|Any CPU
		{BCDA251D-6682-482D-A54D-67D8F4CEE14E}.Debug|Any CPU.Build.0 = Debug|Any CPU
		{BCDA251D-6682-482D-A54D-67D8F4CEE14E}.Release|Any CPU.ActiveCfg = Release|Any CPU
		{BCDA251D-6682-482D-A54D-67D8F4CEE14E}.Release|Any CPU.Build.0 = Release|Any CPU
		{91EA2E51-FEC0-4FC7-A7B5-86B693F1D582}.Debug|Any CPU.ActiveCfg = Debug|Any CPU
		{91EA2E51-FEC0-4FC7-A7B5-86B693F1D582}.Debug|Any CPU.Build.0 = Debug|Any CPU
		{91EA2E51-FEC0-4FC7-A7B5-86B693F1D582}.Release|Any CPU.ActiveCfg = Release|Any CPU
		{91EA2E51-FEC0-4FC7-A7B5-86B693F1D582}.Release|Any CPU.Build.0 = Release|Any CPU
		{57E9A9B1-E7CF-4158-91E9-14325A519FB7}.Debug|Any CPU.ActiveCfg = Debug|Any CPU
		{57E9A9B1-E7CF-4158-91E9-14325A519FB7}.Debug|Any CPU.Build.0 = Debug|Any CPU
		{57E9A9B1-E7CF-4158-91E9-14325A519FB7}.Release|Any CPU.ActiveCfg = Release|Any CPU
		{57E9A9B1-E7CF-4158-91E9-14325A519FB7}.Release|Any CPU.Build.0 = Release|Any CPU
	EndGlobalSection
EndGlobal
